# This file was autogenerated by Stack.
# You should not edit this file by hand.
# For more information, please see the documentation at:
#   https://docs.haskellstack.org/en/stable/lock_files

packages:
- completed:
    commit: 120db653534f7b28c6cfa5afd18a1bf0d4ff4ca3
    git: https://github.com/syallop/PLParser
    name: PLParser
    pantry-tree:
      sha256: dda639cf2f9ecac23d869c1ddcaff168ffd0a5c43c8847390fa6957d722bc8fb
      size: 1968
    version: 0.2.0.0
  original:
    commit: 120db653534f7b28c6cfa5afd18a1bf0d4ff4ca3
    git: https://github.com/syallop/PLParser
- completed:
    commit: d761d31bd2e332bae639ba2c2c73f873524c0e3e
    git: https://github.com/syallop/PLGrammar
    name: PLGrammar
    pantry-tree:
      sha256: 3890626c6dfbc48352332f1c43ca5da05aa67f773759ea04e3e67ad27dcee98a
      size: 521
    version: 0.4.0.0
  original:
    commit: d761d31bd2e332bae639ba2c2c73f873524c0e3e
    git: https://github.com/syallop/PLGrammar
- completed:
    commit: 74fd1a684542f9f876753e2d7b3b0d5609bf385e
    git: https://github.com/syallop/PLPrinter
    name: PLPrinter
    pantry-tree:
      sha256: a0cf031336490091fbaace9e3b555158818f0f6429c1a9ca339ed34e482c14d9
      size: 474
    version: 0.3.0.0
  original:
    commit: 74fd1a684542f9f876753e2d7b3b0d5609bf385e
    git: https://github.com/syallop/PLPrinter
- completed:
    commit: d0f17cf627c28e005d02e13a69a74ccd615cc9d1
    git: https://github.com/syallop/PLLabel
    name: PLLabel
    pantry-tree:
      sha256: 02dd55ecf2ab2b8a16565391191c680c7f6b7cf52eb72225bd026f28b1ee332d
      size: 307
    version: 0.1.0.0
  original:
    commit: d0f17cf627c28e005d02e13a69a74ccd615cc9d1
    git: https://github.com/syallop/PLLabel
- completed:
    commit: 07ba8651a6839bd44e2e38d4d1c837d3fc22af4b
    git: https://github.com/syallop/PLHash
    name: PLHash
    pantry-tree:
      sha256: c665a4d35d5c5223eec33f858bf56df52667e132e931c7ee151a8cc3caa6b72e
      size: 362
    version: 0.2.0.0
  original:
    commit: 07ba8651a6839bd44e2e38d4d1c837d3fc22af4b
    git: https://github.com/syallop/PLHash
- completed:
    commit: 94a978c839e6528767ca73365ef43dd7d331d8b3
    git: https://github.com/syallop/PLStore
    name: PLStore
    pantry-tree:
      sha256: 6d8c14440127a26855af0c20740dec0d8afc8054da11ef5f94a3c263b2b20d11
      size: 211
    subdir: Store
    version: 0.1.0.0
  original:
    commit: 94a978c839e6528767ca73365ef43dd7d331d8b3
    git: https://github.com/syallop/PLStore
    subdir: Store
- completed:
    commit: 94a978c839e6528767ca73365ef43dd7d331d8b3
    git: https://github.com/syallop/PLStore
    name: PLStore-Hash
    pantry-tree:
      sha256: b0793793360370a0b32f169577a62d99730c07052e4b40f217db88e388959e29
      size: 119
    subdir: Hash
    version: 0.1.0.0
  original:
    commit: 94a978c839e6528767ca73365ef43dd7d331d8b3
    git: https://github.com/syallop/PLStore
    subdir: Hash
- completed:
    commit: 9ccb55ba11d7b82a53ed470040b50cac0ea12664
    git: https://github.com/syallop/Reversible
    name: Reversible
    pantry-tree:
      sha256: 247a4e2e60d10f29ef8474f87cb3e288c787e6ce3689abde7e69dc73a1c531da
      size: 416
    version: 0.1.0.0
  original:
    commit: 9ccb55ba11d7b82a53ed470040b50cac0ea12664
    git: https://github.com/syallop/Reversible
- completed:
    commit: 74d87b23e7ac8063f25194b607049bd4c7c54f47
    git: https://github.com/syallop/DSL-Compose.git
    name: DSL-Compose
    pantry-tree:
      sha256: 32e09a0c9565cb3743708ec432887f37123ff2d3f77fa21d7008c98589623a7d
      size: 939
    version: 0.5.0.0
  original:
    commit: 74d87b23e7ac8063f25194b607049bd4c7c54f47
    git: https://github.com/syallop/DSL-Compose.git
- completed:
    commit: bcd94f5cc0c4e919cbda3bb43dde482cac56dd51
    git: https://github.com/rootmos/haskeline.git
    name: haskeline
    pantry-tree:
      sha256: 09c650388b4b4bfdf973e442ef86aacd40de12347870c6ae7a37353250982ae4
      size: 3809
    version: 0.7.4.0
  original:
    commit: bcd94f5cc0c4e919cbda3bb43dde482cac56dd51
    git: https://github.com/rootmos/haskeline.git
- completed:
    hackage: pretty-tree-0.1.0.0@sha256:49b0e17008f9d30328db2bcc2958f3a7b78d154d2335c2dbaa2073e237b524ae,668
    pantry-tree:
      sha256: 810d2e5cafbecd6d0d0af42b2522d9e55be0241a03a688cdde2cca10490e1b0a
      size: 214
  original:
    hackage: pretty-tree-0.1.0.0@sha256:49b0e17008f9d30328db2bcc2958f3a7b78d154d2335c2dbaa2073e237b524ae
- completed:
    hackage: base58-bytestring-0.1.0@sha256:a1da72ee89d5450bac1c792d9fcbe95ed7154ab7246f2172b57bd4fd9b5eab79,1913
    pantry-tree:
      sha256: 053784f8edef6433518c873a7c502dc75348f812e2384e1306f90467ea54f40b
      size: 419
  original:
    hackage: base58-bytestring-0.1.0@sha256:a1da72ee89d5450bac1c792d9fcbe95ed7154ab7246f2172b57bd4fd9b5eab79,1913
- completed:
    hackage: hashing-0.1.0.1@sha256:98861f16791946cdf28e3c7a6ee9ac8b72d546d6e33c569c7087ef18253294e7,2816
    pantry-tree:
      sha256: a204259113ac5761ded1dac7e37a9d54245f84c8adaeec452346fe3256337d83
      size: 704
  original:
    hackage: hashing-0.1.0.1@sha256:98861f16791946cdf28e3c7a6ee9ac8b72d546d6e33c569c7087ef18253294e7,2816
- completed:
    hackage: filepath-bytestring-1.4.2.1.6@sha256:77e1c914b11da3c8b8df61e43a457339dd86dbc4c0ec86973ba178057bfe4fa2,2493
    pantry-tree:
      sha256: 9e209bea77e690aee4e317c8708f1ccb16dae39bcbbd3927d858d4b6238b5bc0
      size: 821
  original:
    hackage: filepath-bytestring-1.4.2.1.6@sha256:77e1c914b11da3c8b8df61e43a457339dd86dbc4c0ec86973ba178057bfe4fa2,2493
snapshots:
- completed:
    sha256: abcc4a65c15c7c2313f1a87f01bfd4d910516e1930b99653eef1d2d006515916
    size: 640074
    url: https://raw.githubusercontent.com/commercialhaskell/stackage-snapshots/master/lts/21/24.yaml
  original: lts-21.24
