# This file was autogenerated by Stack.
# You should not edit this file by hand.
# For more information, please see the documentation at:
#   https://docs.haskellstack.org/en/stable/lock_files

packages:
- completed:
    name: PLParser
    version: 0.1.0.0
    git: https://github.com/syallop/PLParser
    pantry-tree:
      size: 634
      sha256: 1d34dd5cabee1ae739077dad24454831a3b95fe25daf25de42d366c397b4852c
    commit: 7adea4ba5ec67f7fee80f9903595e1ab825e313b
  original:
    git: https://github.com/syallop/PLParser
    commit: 7adea4ba5ec67f7fee80f9903595e1ab825e313b
- completed:
    name: PLGrammar
    version: 0.4.0.0
    git: https://github.com/syallop/PLGrammar
    pantry-tree:
      size: 344
      sha256: 262a5bf04a0e3e377696e4dc936a36fd7f7b3f583ecbd47ecdd3c6a18169f913
    commit: 4a56e0cb09cd2bc5044625bfee2f7ff5393f749b
  original:
    git: https://github.com/syallop/PLGrammar
    commit: 4a56e0cb09cd2bc5044625bfee2f7ff5393f749b
- completed:
    name: PLPrinter
    version: 0.3.0.0
    git: https://github.com/syallop/PLPrinter
    pantry-tree:
      size: 420
      sha256: 04580b924299a5df533a38161311e5d78b40cbff825d9702313a71ac9aad3887
    commit: 65f4d3805c06fbbe0e4313f17a2129e5fe2187f9
  original:
    git: https://github.com/syallop/PLPrinter
    commit: 65f4d3805c06fbbe0e4313f17a2129e5fe2187f9
- completed:
    name: PLLabel
    version: 0.1.0.0
    git: https://github.com/syallop/PLLabel
    pantry-tree:
      size: 252
      sha256: 2599d0272d86ef4b50affcbd9fc4dd0c707c7b74d0befcc6e1af61ce35cb67a3
    commit: 9433cf7963e43b4df06f57939218956c3d2dacc4
  original:
    git: https://github.com/syallop/PLLabel
    commit: 9433cf7963e43b4df06f57939218956c3d2dacc4
- completed:
    name: PLHash
    version: 0.2.0.0
    git: https://github.com/syallop/PLHash
    pantry-tree:
      size: 306
      sha256: 5192278fb1c8a4dc1796ed39aa588dcc83968602201fca8fd6be36ab23864815
    commit: 8b2c8d586f55813851740dc64e24677db42eef77
  original:
    git: https://github.com/syallop/PLHash
    commit: 8b2c8d586f55813851740dc64e24677db42eef77
- completed:
    subdir: Store
    name: PLStore
    version: 0.1.0.0
    git: https://github.com/syallop/PLStore
    pantry-tree:
      size: 211
      sha256: f662fc6cabc3b5bceb8a5d25ccf3b3672a47c3f352770dc688473923f36c560b
    commit: 3406f7f2e6eb15c83eebb689a08b871f21c2c0d3
  original:
    subdir: Store
    git: https://github.com/syallop/PLStore
    commit: 3406f7f2e6eb15c83eebb689a08b871f21c2c0d3
- completed:
    subdir: Hash
    name: PLStore-Hash
    version: 0.1.0.0
    git: https://github.com/syallop/PLStore
    pantry-tree:
      size: 119
      sha256: a3ed9c9903b86c7f2d1c176ef92681ce9e09d6ce65c01e34efac8ca5ad1b9b1f
    commit: 3406f7f2e6eb15c83eebb689a08b871f21c2c0d3
  original:
    subdir: Hash
    git: https://github.com/syallop/PLStore
    commit: 3406f7f2e6eb15c83eebb689a08b871f21c2c0d3
- completed:
    name: Reversible
    version: 0.1.0.0
    git: https://github.com/syallop/Reversible
    pantry-tree:
      size: 361
      sha256: 38b1feb14760d70bba4ca0b9b1c091292ce240720dbc4a19c0a52c7d24ea766e
    commit: 5185a10559f0567ba927ea67a0b90f446d87dbe3
  original:
    git: https://github.com/syallop/Reversible
    commit: 5185a10559f0567ba927ea67a0b90f446d87dbe3
- completed:
    name: DSL-Compose
    version: 0.5.0.0
    git: https://github.com/syallop/DSL-Compose.git
    pantry-tree:
      size: 884
      sha256: 14fa38b8526550df16431834dcf4cce5f61ca37326c7e4d201ad6a73e32b2f43
    commit: 5a95ae855f3291aa3193a7424892035226b10d2f
  original:
    git: https://github.com/syallop/DSL-Compose.git
    commit: 5a95ae855f3291aa3193a7424892035226b10d2f
- completed:
    name: haskeline
    version: 0.7.4.0
    git: https://github.com/rootmos/haskeline.git
    pantry-tree:
      size: 3809
      sha256: 09c650388b4b4bfdf973e442ef86aacd40de12347870c6ae7a37353250982ae4
    commit: bcd94f5cc0c4e919cbda3bb43dde482cac56dd51
  original:
    git: https://github.com/rootmos/haskeline.git
    commit: bcd94f5cc0c4e919cbda3bb43dde482cac56dd51
- completed:
    hackage: pretty-tree-0.1.0.0@sha256:49b0e17008f9d30328db2bcc2958f3a7b78d154d2335c2dbaa2073e237b524ae,668
    pantry-tree:
      size: 214
      sha256: 810d2e5cafbecd6d0d0af42b2522d9e55be0241a03a688cdde2cca10490e1b0a
  original:
    hackage: pretty-tree-0.1.0.0@sha256:49b0e17008f9d30328db2bcc2958f3a7b78d154d2335c2dbaa2073e237b524ae
- completed:
    hackage: base58-bytestring-0.1.0@sha256:a1da72ee89d5450bac1c792d9fcbe95ed7154ab7246f2172b57bd4fd9b5eab79,1913
    pantry-tree:
      size: 419
      sha256: 053784f8edef6433518c873a7c502dc75348f812e2384e1306f90467ea54f40b
  original:
    hackage: base58-bytestring-0.1.0@sha256:a1da72ee89d5450bac1c792d9fcbe95ed7154ab7246f2172b57bd4fd9b5eab79,1913
- completed:
    hackage: hashing-0.1.0.1@sha256:98861f16791946cdf28e3c7a6ee9ac8b72d546d6e33c569c7087ef18253294e7,2816
    pantry-tree:
      size: 704
      sha256: a204259113ac5761ded1dac7e37a9d54245f84c8adaeec452346fe3256337d83
  original:
    hackage: hashing-0.1.0.1@sha256:98861f16791946cdf28e3c7a6ee9ac8b72d546d6e33c569c7087ef18253294e7,2816
- completed:
    hackage: filepath-bytestring-1.4.2.1.6@sha256:77e1c914b11da3c8b8df61e43a457339dd86dbc4c0ec86973ba178057bfe4fa2,2493
    pantry-tree:
      size: 821
      sha256: 9e209bea77e690aee4e317c8708f1ccb16dae39bcbbd3927d858d4b6238b5bc0
  original:
    hackage: filepath-bytestring-1.4.2.1.6@sha256:77e1c914b11da3c8b8df61e43a457339dd86dbc4c0ec86973ba178057bfe4fa2,2493
snapshots:
- completed:
    size: 565720
    url: https://raw.githubusercontent.com/commercialhaskell/stackage-snapshots/master/lts/17/8.yaml
    sha256: 76bf8992ff8dfe6eda9c02f81866138c2369344d5011ab39ae403457c4448b03
  original: lts-17.8
